
Microsoft Visual Studio Solution File, Format Version 12.00
# Visual Studio Version 16
VisualStudioVersion = 16.0.34031.81
MinimumVisualStudioVersion = 10.0.40219.1
Project("{8BC9CEB8-8B4A-11D0-8D11-00A0C91BC942}") = "laba8", "laba8\laba8.vcxproj", "{259580B7-EA7A-4EA0-A15E-ED795E82922F}"
EndProject
Global
	GlobalSection(SolutionConfigurationPlatforms) = preSolution
		Debug|x64 = Debug|x64
		Debug|x86 = Debug|x86
		Release|x64 = Release|x64
		Release|x86 = Release|x86
	EndGlobalSection
	GlobalSection(ProjectConfigurationPlatforms) = postSolution
		{259580B7-EA7A-4EA0-A15E-ED795E82922F}.Debug|x64.ActiveCfg = Debug|x64
		{259580B7-EA7A-4EA0-A15E-ED795E82922F}.Debug|x64.Build.0 = Debug|x64
		{259580B7-EA7A-4EA0-A15E-ED795E82922F}.Debug|x86.ActiveCfg = Debug|Win32
		{259580B7-EA7A-4EA0-A15E-ED795E82922F}.Debug|x86.Build.0 = Debug|Win32
		{259580B7-EA7A-4EA0-A15E-ED795E82922F}.Release|x64.ActiveCfg = Release|x64
		{259580B7-EA7A-4EA0-A15E-ED795E82922F}.Release|x64.Build.0 = Release|x64
		{259580B7-EA7A-4EA0-A15E-ED795E82922F}.Release|x86.ActiveCfg = Release|Win32
		{259580B7-EA7A-4EA0-A15E-ED795E82922F}.Release|x86.Build.0 = Release|Win32
	EndGlobalSection
	GlobalSection(SolutionProperties) = preSolution
		HideSolutionNode = FALSE
	EndGlobalSection
	GlobalSection(ExtensibilityGlobals) = postSolution
		SolutionGuid = {5336EA66-64C7-4F80-9D17-3146C13399D7}
	EndGlobalSection
EndGlobal
