
Microsoft Visual Studio Solution File, Format Version 12.00
# Visual Studio Version 17
VisualStudioVersion = 17.10.35027.167
MinimumVisualStudioVersion = 10.0.40219.1
Project("{FAE04EC0-301F-11D3-BF4B-00C04F79EFBC}") = "лаба 13", "лаба 13\лаба 13.csproj", "{A0D6FD21-3056-4328-A6D6-BE725943EEF4}"
EndProject
Global
	GlobalSection(SolutionConfigurationPlatforms) = preSolution
		Debug|Any CPU = Debug|Any CPU
		Release|Any CPU = Release|Any CPU
	EndGlobalSection
	GlobalSection(ProjectConfigurationPlatforms) = postSolution
		{A0D6FD21-3056-4328-A6D6-BE725943EEF4}.Debug|Any CPU.ActiveCfg = Debug|Any CPU
		{A0D6FD21-3056-4328-A6D6-BE725943EEF4}.Debug|Any CPU.Build.0 = Debug|Any CPU
		{A0D6FD21-3056-4328-A6D6-BE725943EEF4}.Release|Any CPU.ActiveCfg = Release|Any CPU
		{A0D6FD21-3056-4328-A6D6-BE725943EEF4}.Release|Any CPU.Build.0 = Release|Any CPU
	EndGlobalSection
	GlobalSection(SolutionProperties) = preSolution
		HideSolutionNode = FALSE
	EndGlobalSection
	GlobalSection(ExtensibilityGlobals) = postSolution
		SolutionGuid = {B60B1D54-F8BE-4DBA-88BF-9450FED7AC23}
	EndGlobalSection
EndGlobal
