
Microsoft Visual Studio Solution File, Format Version 12.00
# Visual Studio Version 17
VisualStudioVersion = 17.11.35222.181
MinimumVisualStudioVersion = 10.0.40219.1
Project("{FAE04EC0-301F-11D3-BF4B-00C04F79EFBC}") = "DAL", "DAL\DAL.csproj", "{B4F66A38-84D4-4391-BEC1-FC045750C21D}"
EndProject
Project("{2150E333-8FDC-42A3-9474-1A3956D46DE8}") = "lab1", "lab1", "{8CCD02D6-E56A-434E-89EB-1796EEEFD990}"
EndProject
Project("{2150E333-8FDC-42A3-9474-1A3956D46DE8}") = "lab2", "lab2", "{0B2197CC-C493-483B-941A-64A8AAD17A0D}"
EndProject
Project("{2150E333-8FDC-42A3-9474-1A3956D46DE8}") = "lab3", "lab3", "{40738D6F-55A7-4693-97F5-01F7BA34DA43}"
EndProject
Project("{FAE04EC0-301F-11D3-BF4B-00C04F79EFBC}") = "Test_DAL", "Test_DAL\Test_DAL.csproj", "{0BE97213-8D10-4D6B-9A6E-E9B106C7CF37}"
EndProject
Project("{FAE04EC0-301F-11D3-BF4B-00C04F79EFBC}") = "DALJSON", "DALJSON\DALJSON.csproj", "{4752ABEE-90A6-40DE-9324-00DCA80CF2FC}"
EndProject
Project("{FAE04EC0-301F-11D3-BF4B-00C04F79EFBC}") = "Test_DALJSON", "Test_DALJSON\Test_DALJSON.csproj", "{20763FC8-5DC2-4D0D-85F7-5A59E1C8BB4E}"
EndProject
Project("{FAE04EC0-301F-11D3-BF4B-00C04F79EFBC}") = "DALJSONX", "DALJSONX\DALJSONX.csproj", "{A775C831-1B72-485A-8E99-D852C84C0A0D}"
EndProject
Project("{FAE04EC0-301F-11D3-BF4B-00C04F79EFBC}") = "DALJSONXG", "DALJSONXG\DALJSONXG.csproj", "{7D2F9CD7-A43C-4190-B8FF-0AAFE6447E58}"
EndProject
Project("{FAE04EC0-301F-11D3-BF4B-00C04F79EFBC}") = "REPO", "REPO\REPO.csproj", "{EFA49444-CA97-426E-A062-D79439210E0D}"
EndProject
Project("{FAE04EC0-301F-11D3-BF4B-00C04F79EFBC}") = "GREPO", "GREPO\GREPO.csproj", "{9B9C5F4E-1A94-4450-8C35-29595A392010}"
EndProject
Project("{FAE04EC0-301F-11D3-BF4B-00C04F79EFBC}") = "Test_DALJSONX", "Test_DALJSONX\Test_DALJSONX.csproj", "{98F7E4CE-857B-4D81-A7A5-90A43968B22B}"
EndProject
Project("{2150E333-8FDC-42A3-9474-1A3956D46DE8}") = "JSON", "JSON", "{FDE2D61B-97B5-4BF6-8680-E56D5A1A6B52}"
EndProject
Project("{2150E333-8FDC-42A3-9474-1A3956D46DE8}") = "SQL", "SQL", "{047F7D6E-5A5F-4A3B-9FC2-E6A6F428F51E}"
EndProject
Project("{FAE04EC0-301F-11D3-BF4B-00C04F79EFBC}") = "DALMSQLX", "DALMSQLX\DALMSQLX.csproj", "{DEADB4DC-6619-4EC6-B5E9-87125424BA69}"
EndProject
Project("{FAE04EC0-301F-11D3-BF4B-00C04F79EFBC}") = "DALMSQLXG", "DALMSQLXG\DALMSQLXG.csproj", "{FED0FA11-70CC-469B-BF09-F10F83A1BDAD}"
EndProject
Project("{FAE04EC0-301F-11D3-BF4B-00C04F79EFBC}") = "Test_DALMSQLX", "Test_DALMSQLX\Test_DALMSQLX.csproj", "{ADD82600-D2DE-4ABA-93F7-59B126977E85}"
EndProject
Project("{FAE04EC0-301F-11D3-BF4B-00C04F79EFBC}") = "Test_XX", "Test_XX\Test_XX.csproj", "{B9B2347B-F888-41E1-A12D-8D17863D0EDC}"
EndProject
Project("{FAE04EC0-301F-11D3-BF4B-00C04F79EFBC}") = "Test_Generic", "Test_Generic\Test_Generic.csproj", "{72925216-86FC-4DB4-8C5F-D4DBAAD63D81}"
EndProject
Global
	GlobalSection(SolutionConfigurationPlatforms) = preSolution
		Debug|Any CPU = Debug|Any CPU
		Release|Any CPU = Release|Any CPU
	EndGlobalSection
	GlobalSection(ProjectConfigurationPlatforms) = postSolution
		{B4F66A38-84D4-4391-BEC1-FC045750C21D}.Debug|Any CPU.ActiveCfg = Debug|Any CPU
		{B4F66A38-84D4-4391-BEC1-FC045750C21D}.Debug|Any CPU.Build.0 = Debug|Any CPU
		{B4F66A38-84D4-4391-BEC1-FC045750C21D}.Release|Any CPU.ActiveCfg = Release|Any CPU
		{B4F66A38-84D4-4391-BEC1-FC045750C21D}.Release|Any CPU.Build.0 = Release|Any CPU
		{0BE97213-8D10-4D6B-9A6E-E9B106C7CF37}.Debug|Any CPU.ActiveCfg = Debug|Any CPU
		{0BE97213-8D10-4D6B-9A6E-E9B106C7CF37}.Debug|Any CPU.Build.0 = Debug|Any CPU
		{0BE97213-8D10-4D6B-9A6E-E9B106C7CF37}.Release|Any CPU.ActiveCfg = Release|Any CPU
		{0BE97213-8D10-4D6B-9A6E-E9B106C7CF37}.Release|Any CPU.Build.0 = Release|Any CPU
		{4752ABEE-90A6-40DE-9324-00DCA80CF2FC}.Debug|Any CPU.ActiveCfg = Debug|Any CPU
		{4752ABEE-90A6-40DE-9324-00DCA80CF2FC}.Debug|Any CPU.Build.0 = Debug|Any CPU
		{4752ABEE-90A6-40DE-9324-00DCA80CF2FC}.Release|Any CPU.ActiveCfg = Release|Any CPU
		{4752ABEE-90A6-40DE-9324-00DCA80CF2FC}.Release|Any CPU.Build.0 = Release|Any CPU
		{20763FC8-5DC2-4D0D-85F7-5A59E1C8BB4E}.Debug|Any CPU.ActiveCfg = Debug|Any CPU
		{20763FC8-5DC2-4D0D-85F7-5A59E1C8BB4E}.Debug|Any CPU.Build.0 = Debug|Any CPU
		{20763FC8-5DC2-4D0D-85F7-5A59E1C8BB4E}.Release|Any CPU.ActiveCfg = Release|Any CPU
		{20763FC8-5DC2-4D0D-85F7-5A59E1C8BB4E}.Release|Any CPU.Build.0 = Release|Any CPU
		{A775C831-1B72-485A-8E99-D852C84C0A0D}.Debug|Any CPU.ActiveCfg = Debug|Any CPU
		{A775C831-1B72-485A-8E99-D852C84C0A0D}.Debug|Any CPU.Build.0 = Debug|Any CPU
		{A775C831-1B72-485A-8E99-D852C84C0A0D}.Release|Any CPU.ActiveCfg = Release|Any CPU
		{A775C831-1B72-485A-8E99-D852C84C0A0D}.Release|Any CPU.Build.0 = Release|Any CPU
		{7D2F9CD7-A43C-4190-B8FF-0AAFE6447E58}.Debug|Any CPU.ActiveCfg = Debug|Any CPU
		{7D2F9CD7-A43C-4190-B8FF-0AAFE6447E58}.Debug|Any CPU.Build.0 = Debug|Any CPU
		{7D2F9CD7-A43C-4190-B8FF-0AAFE6447E58}.Release|Any CPU.ActiveCfg = Release|Any CPU
		{7D2F9CD7-A43C-4190-B8FF-0AAFE6447E58}.Release|Any CPU.Build.0 = Release|Any CPU
		{EFA49444-CA97-426E-A062-D79439210E0D}.Debug|Any CPU.ActiveCfg = Debug|Any CPU
		{EFA49444-CA97-426E-A062-D79439210E0D}.Debug|Any CPU.Build.0 = Debug|Any CPU
		{EFA49444-CA97-426E-A062-D79439210E0D}.Release|Any CPU.ActiveCfg = Release|Any CPU
		{EFA49444-CA97-426E-A062-D79439210E0D}.Release|Any CPU.Build.0 = Release|Any CPU
		{9B9C5F4E-1A94-4450-8C35-29595A392010}.Debug|Any CPU.ActiveCfg = Debug|Any CPU
		{9B9C5F4E-1A94-4450-8C35-29595A392010}.Debug|Any CPU.Build.0 = Debug|Any CPU
		{9B9C5F4E-1A94-4450-8C35-29595A392010}.Release|Any CPU.ActiveCfg = Release|Any CPU
		{9B9C5F4E-1A94-4450-8C35-29595A392010}.Release|Any CPU.Build.0 = Release|Any CPU
		{98F7E4CE-857B-4D81-A7A5-90A43968B22B}.Debug|Any CPU.ActiveCfg = Debug|Any CPU
		{98F7E4CE-857B-4D81-A7A5-90A43968B22B}.Debug|Any CPU.Build.0 = Debug|Any CPU
		{98F7E4CE-857B-4D81-A7A5-90A43968B22B}.Release|Any CPU.ActiveCfg = Release|Any CPU
		{98F7E4CE-857B-4D81-A7A5-90A43968B22B}.Release|Any CPU.Build.0 = Release|Any CPU
		{DEADB4DC-6619-4EC6-B5E9-87125424BA69}.Debug|Any CPU.ActiveCfg = Debug|Any CPU
		{DEADB4DC-6619-4EC6-B5E9-87125424BA69}.Debug|Any CPU.Build.0 = Debug|Any CPU
		{DEADB4DC-6619-4EC6-B5E9-87125424BA69}.Release|Any CPU.ActiveCfg = Release|Any CPU
		{DEADB4DC-6619-4EC6-B5E9-87125424BA69}.Release|Any CPU.Build.0 = Release|Any CPU
		{FED0FA11-70CC-469B-BF09-F10F83A1BDAD}.Debug|Any CPU.ActiveCfg = Debug|Any CPU
		{FED0FA11-70CC-469B-BF09-F10F83A1BDAD}.Debug|Any CPU.Build.0 = Debug|Any CPU
		{FED0FA11-70CC-469B-BF09-F10F83A1BDAD}.Release|Any CPU.ActiveCfg = Release|Any CPU
		{FED0FA11-70CC-469B-BF09-F10F83A1BDAD}.Release|Any CPU.Build.0 = Release|Any CPU
		{ADD82600-D2DE-4ABA-93F7-59B126977E85}.Debug|Any CPU.ActiveCfg = Debug|Any CPU
		{ADD82600-D2DE-4ABA-93F7-59B126977E85}.Debug|Any CPU.Build.0 = Debug|Any CPU
		{ADD82600-D2DE-4ABA-93F7-59B126977E85}.Release|Any CPU.ActiveCfg = Release|Any CPU
		{ADD82600-D2DE-4ABA-93F7-59B126977E85}.Release|Any CPU.Build.0 = Release|Any CPU
		{B9B2347B-F888-41E1-A12D-8D17863D0EDC}.Debug|Any CPU.ActiveCfg = Debug|Any CPU
		{B9B2347B-F888-41E1-A12D-8D17863D0EDC}.Debug|Any CPU.Build.0 = Debug|Any CPU
		{B9B2347B-F888-41E1-A12D-8D17863D0EDC}.Release|Any CPU.ActiveCfg = Release|Any CPU
		{B9B2347B-F888-41E1-A12D-8D17863D0EDC}.Release|Any CPU.Build.0 = Release|Any CPU
		{72925216-86FC-4DB4-8C5F-D4DBAAD63D81}.Debug|Any CPU.ActiveCfg = Debug|Any CPU
		{72925216-86FC-4DB4-8C5F-D4DBAAD63D81}.Debug|Any CPU.Build.0 = Debug|Any CPU
		{72925216-86FC-4DB4-8C5F-D4DBAAD63D81}.Release|Any CPU.ActiveCfg = Release|Any CPU
		{72925216-86FC-4DB4-8C5F-D4DBAAD63D81}.Release|Any CPU.Build.0 = Release|Any CPU
	EndGlobalSection
	GlobalSection(SolutionProperties) = preSolution
		HideSolutionNode = FALSE
	EndGlobalSection
	GlobalSection(NestedProjects) = preSolution
		{B4F66A38-84D4-4391-BEC1-FC045750C21D} = {8CCD02D6-E56A-434E-89EB-1796EEEFD990}
		{0BE97213-8D10-4D6B-9A6E-E9B106C7CF37} = {8CCD02D6-E56A-434E-89EB-1796EEEFD990}
		{4752ABEE-90A6-40DE-9324-00DCA80CF2FC} = {0B2197CC-C493-483B-941A-64A8AAD17A0D}
		{20763FC8-5DC2-4D0D-85F7-5A59E1C8BB4E} = {0B2197CC-C493-483B-941A-64A8AAD17A0D}
		{A775C831-1B72-485A-8E99-D852C84C0A0D} = {FDE2D61B-97B5-4BF6-8680-E56D5A1A6B52}
		{7D2F9CD7-A43C-4190-B8FF-0AAFE6447E58} = {FDE2D61B-97B5-4BF6-8680-E56D5A1A6B52}
		{EFA49444-CA97-426E-A062-D79439210E0D} = {40738D6F-55A7-4693-97F5-01F7BA34DA43}
		{9B9C5F4E-1A94-4450-8C35-29595A392010} = {40738D6F-55A7-4693-97F5-01F7BA34DA43}
		{98F7E4CE-857B-4D81-A7A5-90A43968B22B} = {FDE2D61B-97B5-4BF6-8680-E56D5A1A6B52}
		{FDE2D61B-97B5-4BF6-8680-E56D5A1A6B52} = {40738D6F-55A7-4693-97F5-01F7BA34DA43}
		{047F7D6E-5A5F-4A3B-9FC2-E6A6F428F51E} = {40738D6F-55A7-4693-97F5-01F7BA34DA43}
		{DEADB4DC-6619-4EC6-B5E9-87125424BA69} = {047F7D6E-5A5F-4A3B-9FC2-E6A6F428F51E}
		{FED0FA11-70CC-469B-BF09-F10F83A1BDAD} = {047F7D6E-5A5F-4A3B-9FC2-E6A6F428F51E}
		{ADD82600-D2DE-4ABA-93F7-59B126977E85} = {047F7D6E-5A5F-4A3B-9FC2-E6A6F428F51E}
		{B9B2347B-F888-41E1-A12D-8D17863D0EDC} = {40738D6F-55A7-4693-97F5-01F7BA34DA43}
		{72925216-86FC-4DB4-8C5F-D4DBAAD63D81} = {40738D6F-55A7-4693-97F5-01F7BA34DA43}
	EndGlobalSection
	GlobalSection(ExtensibilityGlobals) = postSolution
		SolutionGuid = {8E00F9FB-2DA2-48DC-90F1-6E9CA9497BC4}
	EndGlobalSection
EndGlobal
