<Solution>
  <Project Path="lab01/lab01.csproj" />
  <Project Path="lab02/lab02.csproj" Id="fcfd2665-b0cc-42a5-8fc3-50ca25432596" />
  <Project Path="lab03/lab03.csproj" Id="3f6f7874-1d8b-438f-9f12-b4e71ca26882" />
  <Project Path="lab04/lab04.csproj" Id="9ff71c63-c0fa-49e1-bcdf-e9fa26b8529f" />
  <Project Path="lab05/lab05.csproj" Id="af8b21a6-f517-484d-9751-ed6f19fe907d" />
  <Project Path="lab06/lab06.csproj" Id="11bc4dff-1053-4a40-ae0c-0dfbc7c7c871" />
  <Project Path="lab07/lab07.csproj" Id="48f73b6a-24c7-4fab-a60f-29531f4474c0" />
  <Project Path="lab08/lab08.csproj" Id="f24d67ff-88f8-4319-933c-1e7a11a27c1b" />
  <Project Path="lab09/lab09.csproj" Id="113a33f1-6a64-468e-abdd-c5f75c86de95" />
  <Project Path="lab10/lab10.csproj" Id="bdf37f01-4c07-4d09-bc29-690ca243150d" />
  <Project Path="lab11/lab11.csproj" Id="46ca281a-6124-4968-9a74-503fe501ccca" />
</Solution>
