
Microsoft Visual Studio Solution File, Format Version 12.00
# Visual Studio Version 17
VisualStudioVersion = 17.8.34330.188
MinimumVisualStudioVersion = 10.0.40219.1
Project("{8BC9CEB8-8B4A-11D0-8D11-00A0C91BC942}") = "Laba3", "Laba3\Laba3.vcxproj", "{C73C1C17-2C1F-4C8D-997B-F153F6E69F38}"
EndProject
Global
	GlobalSection(SolutionConfigurationPlatforms) = preSolution
		Debug|x64 = Debug|x64
		Debug|x86 = Debug|x86
		Release|x64 = Release|x64
		Release|x86 = Release|x86
	EndGlobalSection
	GlobalSection(ProjectConfigurationPlatforms) = postSolution
		{C73C1C17-2C1F-4C8D-997B-F153F6E69F38}.Debug|x64.ActiveCfg = Debug|x64
		{C73C1C17-2C1F-4C8D-997B-F153F6E69F38}.Debug|x64.Build.0 = Debug|x64
		{C73C1C17-2C1F-4C8D-997B-F153F6E69F38}.Debug|x86.ActiveCfg = Debug|Win32
		{C73C1C17-2C1F-4C8D-997B-F153F6E69F38}.Debug|x86.Build.0 = Debug|Win32
		{C73C1C17-2C1F-4C8D-997B-F153F6E69F38}.Release|x64.ActiveCfg = Release|x64
		{C73C1C17-2C1F-4C8D-997B-F153F6E69F38}.Release|x64.Build.0 = Release|x64
		{C73C1C17-2C1F-4C8D-997B-F153F6E69F38}.Release|x86.ActiveCfg = Release|Win32
		{C73C1C17-2C1F-4C8D-997B-F153F6E69F38}.Release|x86.Build.0 = Release|Win32
	EndGlobalSection
	GlobalSection(SolutionProperties) = preSolution
		HideSolutionNode = FALSE
	EndGlobalSection
	GlobalSection(ExtensibilityGlobals) = postSolution
		SolutionGuid = {E53E62A6-6233-411D-A108-AA8CD190EE00}
	EndGlobalSection
EndGlobal
