{
  "name": "lab06",
  "version": "1.0.0",
  "lockfileVersion": 3,
  "requires": true,
  "packages": {
    "": {
      "name": "lab06",
      "version": "1.0.0",
      "license": "ISC",
      "dependencies": {
        "m0603-vugor": "^1.0.0",
        "nodemailer": "^8.0.2"
      }
    },
    "node_modules/m0603-vugor": {
      "version": "1.0.0",
      "resolved": "https://registry.npmjs.org/m0603-vugor/-/m0603-vugor-1.0.0.tgz",
      "integrity": "sha512-VHJMaS41ISA0QLIWsaxfwnqPuvR9KhlYMPUNix9iJ06JTiF/xoz5VO8VQNHnOoktz4P1Obq/+5VT/cMWd9bszw==",
      "dependencies": {
        "nodemailer": "^8.0.2"
      }
    },
    "node_modules/nodemailer": {
      "version": "8.0.2",
      "resolved": "https://registry.npmjs.org/nodemailer/-/nodemailer-8.0.2.tgz",
      "integrity": "sha512-zbj002pZAIkWQFxyAaqoxvn+zoIwRnS40hgjqTXudKOOJkiFFgBeNqjgD3/YCR12sZnrghWYBY+yP1ZucdDRpw==",
      "engines": {
        "node": ">=6.0.0"
      }
    }
  }
}
