
Microsoft Visual Studio Solution File, Format Version 12.00
# Visual Studio Version 16
VisualStudioVersion = 16.0.34031.81
MinimumVisualStudioVersion = 10.0.40219.1
Project("{8BC9CEB8-8B4A-11D0-8D11-00A0C91BC942}") = "Index", "Index\Index.vcxproj", "{019B6564-33BF-4F5C-82DE-1A6DD3ADEAFD}"
EndProject
Global
	GlobalSection(SolutionConfigurationPlatforms) = preSolution
		Debug|x64 = Debug|x64
		Debug|x86 = Debug|x86
		Release|x64 = Release|x64
		Release|x86 = Release|x86
	EndGlobalSection
	GlobalSection(ProjectConfigurationPlatforms) = postSolution
		{019B6564-33BF-4F5C-82DE-1A6DD3ADEAFD}.Debug|x64.ActiveCfg = Debug|x64
		{019B6564-33BF-4F5C-82DE-1A6DD3ADEAFD}.Debug|x64.Build.0 = Debug|x64
		{019B6564-33BF-4F5C-82DE-1A6DD3ADEAFD}.Debug|x86.ActiveCfg = Debug|Win32
		{019B6564-33BF-4F5C-82DE-1A6DD3ADEAFD}.Debug|x86.Build.0 = Debug|Win32
		{019B6564-33BF-4F5C-82DE-1A6DD3ADEAFD}.Release|x64.ActiveCfg = Release|x64
		{019B6564-33BF-4F5C-82DE-1A6DD3ADEAFD}.Release|x64.Build.0 = Release|x64
		{019B6564-33BF-4F5C-82DE-1A6DD3ADEAFD}.Release|x86.ActiveCfg = Release|Win32
		{019B6564-33BF-4F5C-82DE-1A6DD3ADEAFD}.Release|x86.Build.0 = Release|Win32
	EndGlobalSection
	GlobalSection(SolutionProperties) = preSolution
		HideSolutionNode = FALSE
	EndGlobalSection
	GlobalSection(ExtensibilityGlobals) = postSolution
		SolutionGuid = {11B16844-1079-4F4F-A904-8B856BE4F89D}
	EndGlobalSection
EndGlobal
