
Microsoft Visual Studio Solution File, Format Version 12.00
# Visual Studio Version 17
VisualStudioVersion = 17.13.35919.96
MinimumVisualStudioVersion = 10.0.40219.1
Project("{FAE04EC0-301F-11D3-BF4B-00C04F79EFBC}") = "ASPA001", "ASPA001\ASPA001.csproj", "{53803F9F-5394-43BC-8A2F-9974BB266D9E}"
EndProject
Project("{FAE04EC0-301F-11D3-BF4B-00C04F79EFBC}") = "ASPA002_1", "ASPA002_1\ASPA002_1.csproj", "{AFF8F17C-950F-4CD5-AFF9-B9827CD87B84}"
EndProject
Project("{FAE04EC0-301F-11D3-BF4B-00C04F79EFBC}") = "ASPA002_2", "ASPA002_2\ASPA002_2.csproj", "{3C9ED557-8D8A-4B5E-8DD9-D943DE52E8F4}"
EndProject
Project("{FAE04EC0-301F-11D3-BF4B-00C04F79EFBC}") = "ASPA002_3", "ASPA002_3\ASPA002_3.csproj", "{3349344A-3B52-4F0A-86E2-755177E5488D}"
EndProject
Project("{2150E333-8FDC-42A3-9474-1A3956D46DE8}") = "LAB001", "LAB001", "{36D591C7-65C7-A0D1-1CBC-10CDE441BDC8}"
EndProject
Project("{2150E333-8FDC-42A3-9474-1A3956D46DE8}") = "LAB002", "LAB002", "{0A3C71B0-1333-49F2-B917-E3686CA647BF}"
EndProject
Project("{2150E333-8FDC-42A3-9474-1A3956D46DE8}") = "LAB003", "LAB003", "{76351B6F-5386-4D2D-B81D-03CF85F2B416}"
EndProject
Project("{FAE04EC0-301F-11D3-BF4B-00C04F79EFBC}") = "DAL003", "DAL003\DAL003.csproj", "{2E967923-EA44-490F-A6C3-2B232BB43D5F}"
EndProject
Project("{FAE04EC0-301F-11D3-BF4B-00C04F79EFBC}") = "ASPA003", "ASPA003\ASPA003.csproj", "{08EA3758-62EB-4928-AA1A-3B485D8FAFB4}"
EndProject
Project("{FAE04EC0-301F-11D3-BF4B-00C04F79EFBC}") = "Test_DAL003", "Test_DAL003\Test_DAL003.csproj", "{C20CC057-1661-425F-B268-3875FA7E2286}"
EndProject
Project("{2150E333-8FDC-42A3-9474-1A3956D46DE8}") = "LAB004", "LAB004", "{292AEB05-A463-439C-9758-A16B5DBDD549}"
EndProject
Project("{FAE04EC0-301F-11D3-BF4B-00C04F79EFBC}") = "DAL004", "DAL004\DAL004.csproj", "{18284C0D-B2BF-41D8-8CC1-F070BC39A14E}"
EndProject
Project("{FAE04EC0-301F-11D3-BF4B-00C04F79EFBC}") = "Test_DAL004", "Test_DAL004\Test_DAL004.csproj", "{E3F2366D-5301-4D47-9E73-8BAD02533B3B}"
EndProject
Project("{FAE04EC0-301F-11D3-BF4B-00C04F79EFBC}") = "ASPA004_1", "ASPA004_1\ASPA004_1.csproj", "{81216392-34C7-4D15-AC89-10591B74086C}"
EndProject
Project("{FAE04EC0-301F-11D3-BF4B-00C04F79EFBC}") = "ASPA004_2", "ASPA004_2\ASPA004_2.csproj", "{4F528478-55D2-4E8A-9213-04487D29161A}"
EndProject
Project("{FAE04EC0-301F-11D3-BF4B-00C04F79EFBC}") = "ASPA004_3", "ASPA004_3\ASPA004_3.csproj", "{82D0FD6E-B337-43BE-8B27-6C781DD95D47}"
EndProject
Project("{2150E333-8FDC-42A3-9474-1A3956D46DE8}") = "LAB005", "LAB005", "{9F0F1312-ADFE-4B67-937B-AAC89AB5D827}"
EndProject
Project("{FAE04EC0-301F-11D3-BF4B-00C04F79EFBC}") = "DAL005", "DAL005\DAL005.csproj", "{205BBF18-1600-4CC1-A2AE-9CCBE539B70D}"
EndProject
Project("{FAE04EC0-301F-11D3-BF4B-00C04F79EFBC}") = "ASPA005_1", "ASPA005_1\ASPA005_1.csproj", "{A39A897C-823A-41BB-A8C3-5E9BE8CC44ED}"
EndProject
Project("{FAE04EC0-301F-11D3-BF4B-00C04F79EFBC}") = "ASPA005_2", "ASPA005_2\ASPA005_2.csproj", "{74D5A8B3-B510-4569-BFE2-6133D5410CB0}"
EndProject
Project("{FAE04EC0-301F-11D3-BF4B-00C04F79EFBC}") = "ASPA005_3", "ASPA005_3\ASPA005_3.csproj", "{8127014C-9173-4ABF-B1B5-A712853F04D3}"
EndProject
Project("{FAE04EC0-301F-11D3-BF4B-00C04F79EFBC}") = "Test_ASPA005_3", "Test_ASPA005_3\Test_ASPA005_3.csproj", "{C906DD6A-F93C-45A5-9DE3-BF251E4183A0}"
EndProject
Project("{FAE04EC0-301F-11D3-BF4B-00C04F79EFBC}") = "DAL_Celebrity", "DAL_Celebrity\DAL_Celebrity.csproj", "{D30B5E82-1013-42FF-8222-6EA555B0BC2C}"
EndProject
Project("{2150E333-8FDC-42A3-9474-1A3956D46DE8}") = "LAB006", "LAB006", "{6CDCC63B-F983-4648-942B-FA539EA974AD}"
EndProject
Project("{FAE04EC0-301F-11D3-BF4B-00C04F79EFBC}") = "DAL_Celebrity_Npgsql", "DAL_Celebrity_MSSQL\DAL_Celebrity_Npgsql.csproj", "{606FA67F-B3FD-4E09-95EE-B00F27AB4B4E}"
EndProject
Project("{FAE04EC0-301F-11D3-BF4B-00C04F79EFBC}") = "Test_DAL_Celebrity_Npgsql", "Test_DAL_Celebrity_Npgsql\Test_DAL_Celebrity_Npgsql.csproj", "{8DF04159-004C-475F-BD46-2E213246593A}"
EndProject
Project("{FAE04EC0-301F-11D3-BF4B-00C04F79EFBC}") = "ASPA006_1", "ASPA006_1\ASPA006_1.csproj", "{C19D7624-17A7-4D12-860C-FF6B214D799B}"
EndProject
Global
	GlobalSection(SolutionConfigurationPlatforms) = preSolution
		Debug|Any CPU = Debug|Any CPU
		Release|Any CPU = Release|Any CPU
	EndGlobalSection
	GlobalSection(ProjectConfigurationPlatforms) = postSolution
		{53803F9F-5394-43BC-8A2F-9974BB266D9E}.Debug|Any CPU.ActiveCfg = Debug|Any CPU
		{53803F9F-5394-43BC-8A2F-9974BB266D9E}.Debug|Any CPU.Build.0 = Debug|Any CPU
		{53803F9F-5394-43BC-8A2F-9974BB266D9E}.Release|Any CPU.ActiveCfg = Release|Any CPU
		{53803F9F-5394-43BC-8A2F-9974BB266D9E}.Release|Any CPU.Build.0 = Release|Any CPU
		{AFF8F17C-950F-4CD5-AFF9-B9827CD87B84}.Debug|Any CPU.ActiveCfg = Debug|Any CPU
		{AFF8F17C-950F-4CD5-AFF9-B9827CD87B84}.Debug|Any CPU.Build.0 = Debug|Any CPU
		{AFF8F17C-950F-4CD5-AFF9-B9827CD87B84}.Release|Any CPU.ActiveCfg = Release|Any CPU
		{AFF8F17C-950F-4CD5-AFF9-B9827CD87B84}.Release|Any CPU.Build.0 = Release|Any CPU
		{3C9ED557-8D8A-4B5E-8DD9-D943DE52E8F4}.Debug|Any CPU.ActiveCfg = Debug|Any CPU
		{3C9ED557-8D8A-4B5E-8DD9-D943DE52E8F4}.Debug|Any CPU.Build.0 = Debug|Any CPU
		{3C9ED557-8D8A-4B5E-8DD9-D943DE52E8F4}.Release|Any CPU.ActiveCfg = Release|Any CPU
		{3C9ED557-8D8A-4B5E-8DD9-D943DE52E8F4}.Release|Any CPU.Build.0 = Release|Any CPU
		{3349344A-3B52-4F0A-86E2-755177E5488D}.Debug|Any CPU.ActiveCfg = Debug|Any CPU
		{3349344A-3B52-4F0A-86E2-755177E5488D}.Debug|Any CPU.Build.0 = Debug|Any CPU
		{3349344A-3B52-4F0A-86E2-755177E5488D}.Release|Any CPU.ActiveCfg = Release|Any CPU
		{3349344A-3B52-4F0A-86E2-755177E5488D}.Release|Any CPU.Build.0 = Release|Any CPU
		{2E967923-EA44-490F-A6C3-2B232BB43D5F}.Debug|Any CPU.ActiveCfg = Debug|Any CPU
		{2E967923-EA44-490F-A6C3-2B232BB43D5F}.Debug|Any CPU.Build.0 = Debug|Any CPU
		{2E967923-EA44-490F-A6C3-2B232BB43D5F}.Release|Any CPU.ActiveCfg = Release|Any CPU
		{2E967923-EA44-490F-A6C3-2B232BB43D5F}.Release|Any CPU.Build.0 = Release|Any CPU
		{08EA3758-62EB-4928-AA1A-3B485D8FAFB4}.Debug|Any CPU.ActiveCfg = Debug|Any CPU
		{08EA3758-62EB-4928-AA1A-3B485D8FAFB4}.Debug|Any CPU.Build.0 = Debug|Any CPU
		{08EA3758-62EB-4928-AA1A-3B485D8FAFB4}.Release|Any CPU.ActiveCfg = Release|Any CPU
		{08EA3758-62EB-4928-AA1A-3B485D8FAFB4}.Release|Any CPU.Build.0 = Release|Any CPU
		{C20CC057-1661-425F-B268-3875FA7E2286}.Debug|Any CPU.ActiveCfg = Debug|Any CPU
		{C20CC057-1661-425F-B268-3875FA7E2286}.Debug|Any CPU.Build.0 = Debug|Any CPU
		{C20CC057-1661-425F-B268-3875FA7E2286}.Release|Any CPU.ActiveCfg = Release|Any CPU
		{C20CC057-1661-425F-B268-3875FA7E2286}.Release|Any CPU.Build.0 = Release|Any CPU
		{18284C0D-B2BF-41D8-8CC1-F070BC39A14E}.Debug|Any CPU.ActiveCfg = Debug|Any CPU
		{18284C0D-B2BF-41D8-8CC1-F070BC39A14E}.Debug|Any CPU.Build.0 = Debug|Any CPU
		{18284C0D-B2BF-41D8-8CC1-F070BC39A14E}.Release|Any CPU.ActiveCfg = Release|Any CPU
		{18284C0D-B2BF-41D8-8CC1-F070BC39A14E}.Release|Any CPU.Build.0 = Release|Any CPU
		{E3F2366D-5301-4D47-9E73-8BAD02533B3B}.Debug|Any CPU.ActiveCfg = Debug|Any CPU
		{E3F2366D-5301-4D47-9E73-8BAD02533B3B}.Debug|Any CPU.Build.0 = Debug|Any CPU
		{E3F2366D-5301-4D47-9E73-8BAD02533B3B}.Release|Any CPU.ActiveCfg = Release|Any CPU
		{E3F2366D-5301-4D47-9E73-8BAD02533B3B}.Release|Any CPU.Build.0 = Release|Any CPU
		{81216392-34C7-4D15-AC89-10591B74086C}.Debug|Any CPU.ActiveCfg = Debug|Any CPU
		{81216392-34C7-4D15-AC89-10591B74086C}.Debug|Any CPU.Build.0 = Debug|Any CPU
		{81216392-34C7-4D15-AC89-10591B74086C}.Release|Any CPU.ActiveCfg = Release|Any CPU
		{81216392-34C7-4D15-AC89-10591B74086C}.Release|Any CPU.Build.0 = Release|Any CPU
		{4F528478-55D2-4E8A-9213-04487D29161A}.Debug|Any CPU.ActiveCfg = Debug|Any CPU
		{4F528478-55D2-4E8A-9213-04487D29161A}.Debug|Any CPU.Build.0 = Debug|Any CPU
		{4F528478-55D2-4E8A-9213-04487D29161A}.Release|Any CPU.ActiveCfg = Release|Any CPU
		{4F528478-55D2-4E8A-9213-04487D29161A}.Release|Any CPU.Build.0 = Release|Any CPU
		{82D0FD6E-B337-43BE-8B27-6C781DD95D47}.Debug|Any CPU.ActiveCfg = Debug|Any CPU
		{82D0FD6E-B337-43BE-8B27-6C781DD95D47}.Debug|Any CPU.Build.0 = Debug|Any CPU
		{82D0FD6E-B337-43BE-8B27-6C781DD95D47}.Release|Any CPU.ActiveCfg = Release|Any CPU
		{82D0FD6E-B337-43BE-8B27-6C781DD95D47}.Release|Any CPU.Build.0 = Release|Any CPU
		{205BBF18-1600-4CC1-A2AE-9CCBE539B70D}.Debug|Any CPU.ActiveCfg = Debug|Any CPU
		{205BBF18-1600-4CC1-A2AE-9CCBE539B70D}.Debug|Any CPU.Build.0 = Debug|Any CPU
		{205BBF18-1600-4CC1-A2AE-9CCBE539B70D}.Release|Any CPU.ActiveCfg = Release|Any CPU
		{205BBF18-1600-4CC1-A2AE-9CCBE539B70D}.Release|Any CPU.Build.0 = Release|Any CPU
		{A39A897C-823A-41BB-A8C3-5E9BE8CC44ED}.Debug|Any CPU.ActiveCfg = Debug|Any CPU
		{A39A897C-823A-41BB-A8C3-5E9BE8CC44ED}.Debug|Any CPU.Build.0 = Debug|Any CPU
		{A39A897C-823A-41BB-A8C3-5E9BE8CC44ED}.Release|Any CPU.ActiveCfg = Release|Any CPU
		{A39A897C-823A-41BB-A8C3-5E9BE8CC44ED}.Release|Any CPU.Build.0 = Release|Any CPU
		{74D5A8B3-B510-4569-BFE2-6133D5410CB0}.Debug|Any CPU.ActiveCfg = Debug|Any CPU
		{74D5A8B3-B510-4569-BFE2-6133D5410CB0}.Debug|Any CPU.Build.0 = Debug|Any CPU
		{74D5A8B3-B510-4569-BFE2-6133D5410CB0}.Release|Any CPU.ActiveCfg = Release|Any CPU
		{74D5A8B3-B510-4569-BFE2-6133D5410CB0}.Release|Any CPU.Build.0 = Release|Any CPU
		{8127014C-9173-4ABF-B1B5-A712853F04D3}.Debug|Any CPU.ActiveCfg = Debug|Any CPU
		{8127014C-9173-4ABF-B1B5-A712853F04D3}.Debug|Any CPU.Build.0 = Debug|Any CPU
		{8127014C-9173-4ABF-B1B5-A712853F04D3}.Release|Any CPU.ActiveCfg = Release|Any CPU
		{8127014C-9173-4ABF-B1B5-A712853F04D3}.Release|Any CPU.Build.0 = Release|Any CPU
		{C906DD6A-F93C-45A5-9DE3-BF251E4183A0}.Debug|Any CPU.ActiveCfg = Debug|Any CPU
		{C906DD6A-F93C-45A5-9DE3-BF251E4183A0}.Debug|Any CPU.Build.0 = Debug|Any CPU
		{C906DD6A-F93C-45A5-9DE3-BF251E4183A0}.Release|Any CPU.ActiveCfg = Release|Any CPU
		{C906DD6A-F93C-45A5-9DE3-BF251E4183A0}.Release|Any CPU.Build.0 = Release|Any CPU
		{D30B5E82-1013-42FF-8222-6EA555B0BC2C}.Debug|Any CPU.ActiveCfg = Debug|Any CPU
		{D30B5E82-1013-42FF-8222-6EA555B0BC2C}.Debug|Any CPU.Build.0 = Debug|Any CPU
		{D30B5E82-1013-42FF-8222-6EA555B0BC2C}.Release|Any CPU.ActiveCfg = Release|Any CPU
		{D30B5E82-1013-42FF-8222-6EA555B0BC2C}.Release|Any CPU.Build.0 = Release|Any CPU
		{606FA67F-B3FD-4E09-95EE-B00F27AB4B4E}.Debug|Any CPU.ActiveCfg = Debug|Any CPU
		{606FA67F-B3FD-4E09-95EE-B00F27AB4B4E}.Debug|Any CPU.Build.0 = Debug|Any CPU
		{606FA67F-B3FD-4E09-95EE-B00F27AB4B4E}.Release|Any CPU.ActiveCfg = Release|Any CPU
		{606FA67F-B3FD-4E09-95EE-B00F27AB4B4E}.Release|Any CPU.Build.0 = Release|Any CPU
		{8DF04159-004C-475F-BD46-2E213246593A}.Debug|Any CPU.ActiveCfg = Debug|Any CPU
		{8DF04159-004C-475F-BD46-2E213246593A}.Debug|Any CPU.Build.0 = Debug|Any CPU
		{8DF04159-004C-475F-BD46-2E213246593A}.Release|Any CPU.ActiveCfg = Release|Any CPU
		{8DF04159-004C-475F-BD46-2E213246593A}.Release|Any CPU.Build.0 = Release|Any CPU
		{C19D7624-17A7-4D12-860C-FF6B214D799B}.Debug|Any CPU.ActiveCfg = Debug|Any CPU
		{C19D7624-17A7-4D12-860C-FF6B214D799B}.Debug|Any CPU.Build.0 = Debug|Any CPU
		{C19D7624-17A7-4D12-860C-FF6B214D799B}.Release|Any CPU.ActiveCfg = Release|Any CPU
		{C19D7624-17A7-4D12-860C-FF6B214D799B}.Release|Any CPU.Build.0 = Release|Any CPU
	EndGlobalSection
	GlobalSection(SolutionProperties) = preSolution
		HideSolutionNode = FALSE
	EndGlobalSection
	GlobalSection(NestedProjects) = preSolution
		{53803F9F-5394-43BC-8A2F-9974BB266D9E} = {36D591C7-65C7-A0D1-1CBC-10CDE441BDC8}
		{AFF8F17C-950F-4CD5-AFF9-B9827CD87B84} = {0A3C71B0-1333-49F2-B917-E3686CA647BF}
		{3C9ED557-8D8A-4B5E-8DD9-D943DE52E8F4} = {0A3C71B0-1333-49F2-B917-E3686CA647BF}
		{3349344A-3B52-4F0A-86E2-755177E5488D} = {0A3C71B0-1333-49F2-B917-E3686CA647BF}
		{2E967923-EA44-490F-A6C3-2B232BB43D5F} = {76351B6F-5386-4D2D-B81D-03CF85F2B416}
		{08EA3758-62EB-4928-AA1A-3B485D8FAFB4} = {76351B6F-5386-4D2D-B81D-03CF85F2B416}
		{C20CC057-1661-425F-B268-3875FA7E2286} = {76351B6F-5386-4D2D-B81D-03CF85F2B416}
		{18284C0D-B2BF-41D8-8CC1-F070BC39A14E} = {292AEB05-A463-439C-9758-A16B5DBDD549}
		{E3F2366D-5301-4D47-9E73-8BAD02533B3B} = {292AEB05-A463-439C-9758-A16B5DBDD549}
		{81216392-34C7-4D15-AC89-10591B74086C} = {292AEB05-A463-439C-9758-A16B5DBDD549}
		{4F528478-55D2-4E8A-9213-04487D29161A} = {292AEB05-A463-439C-9758-A16B5DBDD549}
		{82D0FD6E-B337-43BE-8B27-6C781DD95D47} = {292AEB05-A463-439C-9758-A16B5DBDD549}
		{205BBF18-1600-4CC1-A2AE-9CCBE539B70D} = {9F0F1312-ADFE-4B67-937B-AAC89AB5D827}
		{A39A897C-823A-41BB-A8C3-5E9BE8CC44ED} = {9F0F1312-ADFE-4B67-937B-AAC89AB5D827}
		{74D5A8B3-B510-4569-BFE2-6133D5410CB0} = {9F0F1312-ADFE-4B67-937B-AAC89AB5D827}
		{8127014C-9173-4ABF-B1B5-A712853F04D3} = {9F0F1312-ADFE-4B67-937B-AAC89AB5D827}
		{C906DD6A-F93C-45A5-9DE3-BF251E4183A0} = {9F0F1312-ADFE-4B67-937B-AAC89AB5D827}
		{D30B5E82-1013-42FF-8222-6EA555B0BC2C} = {6CDCC63B-F983-4648-942B-FA539EA974AD}
		{606FA67F-B3FD-4E09-95EE-B00F27AB4B4E} = {6CDCC63B-F983-4648-942B-FA539EA974AD}
		{8DF04159-004C-475F-BD46-2E213246593A} = {6CDCC63B-F983-4648-942B-FA539EA974AD}
		{C19D7624-17A7-4D12-860C-FF6B214D799B} = {6CDCC63B-F983-4648-942B-FA539EA974AD}
	EndGlobalSection
	GlobalSection(ExtensibilityGlobals) = postSolution
		SolutionGuid = {53782824-7E51-4C86-A932-3E71710ACF4E}
	EndGlobalSection
EndGlobal
